// !$*UTF8*$!
{
	archiveVersion = 1;
	classes = {
	};
	objectVersion = 46;
	objects = {

/* Begin PBXBuildFile section */
		4E98A4B21D7EC4B900F7CEEB /* AppDelegate.swift in Sources */ = {isa = PBXBuildFile; fileRef = 4E98A4B11D7EC4B900F7CEEB /* AppDelegate.swift */; };
		4E98A4B71D7EC4B900F7CEEB /* Main.storyboard in Resources */ = {isa = PBXBuildFile; fileRef = 4E98A4B51D7EC4B900F7CEEB /* Main.storyboard */; };
		4E98A4B91D7EC4B900F7CEEB /* Assets.xcassets in Resources */ = {isa = PBXBuildFile; fileRef = 4E98A4B81D7EC4B900F7CEEB /* Assets.xcassets */; };
		4E98A4BC1D7EC4B900F7CEEB /* LaunchScreen.storyboard in Resources */ = {isa = PBXBuildFile; fileRef = 4E98A4BA1D7EC4B900F7CEEB /* LaunchScreen.storyboard */; };
		4E98A4C41D7ECD3000F7CEEB /* SwinjectManagerAssembly.swift in Sources */ = {isa = PBXBuildFile; fileRef = 4E98A4C31D7ECD3000F7CEEB /* SwinjectManagerAssembly.swift */; };
		4E98A4CA1D7ED23000F7CEEB /* Networkable.swift in Sources */ = {isa = PBXBuildFile; fileRef = 4E98A4C91D7ED23000F7CEEB /* Networkable.swift */; };
		4E98A4CC1D7ED24500F7CEEB /* NetworkManager.swift in Sources */ = {isa = PBXBuildFile; fileRef = 4E98A4CB1D7ED24500F7CEEB /* NetworkManager.swift */; };
		4E98A4CE1D7ED25900F7CEEB /* Bluetoothable.swift in Sources */ = {isa = PBXBuildFile; fileRef = 4E98A4CD1D7ED25900F7CEEB /* Bluetoothable.swift */; };
		4E98A4D01D7ED26D00F7CEEB /* BluetoothManager.swift in Sources */ = {isa = PBXBuildFile; fileRef = 4E98A4CF1D7ED26D00F7CEEB /* BluetoothManager.swift */; };
		4E98A4D31D7EDB2600F7CEEB /* AppearanceConfigurable.swift in Sources */ = {isa = PBXBuildFile; fileRef = 4E98A4D21D7EDB2600F7CEEB /* AppearanceConfigurable.swift */; };
		4E98A4D51D7EDB6000F7CEEB /* AppearanceConfigurator.swift in Sources */ = {isa = PBXBuildFile; fileRef = 4E98A4D41D7EDB6000F7CEEB /* AppearanceConfigurator.swift */; };
		4E98A4DE1D7EE50E00F7CEEB /* MainViewController.swift in Sources */ = {isa = PBXBuildFile; fileRef = 4E98A4DD1D7EE50E00F7CEEB /* MainViewController.swift */; };
		4E98A4E11D7EF9A900F7CEEB /* MainViewModel.swift in Sources */ = {isa = PBXBuildFile; fileRef = 4E98A4E01D7EF9A900F7CEEB /* MainViewModel.swift */; };
		4E98A4E31D7EFD8100F7CEEB /* SwinjectViewControllerAssembly.swift in Sources */ = {isa = PBXBuildFile; fileRef = 4E98A4E21D7EFD8100F7CEEB /* SwinjectViewControllerAssembly.swift */; };
		4E98A4E61D7F01C700F7CEEB /* SwinjectMockDependencyManager.swift in Sources */ = {isa = PBXBuildFile; fileRef = 4E98A4E51D7F01C700F7CEEB /* SwinjectMockDependencyManager.swift */; };
		4E98A4E81D7F022100F7CEEB /* MockNetworkManager.swift in Sources */ = {isa = PBXBuildFile; fileRef = 4E98A4E71D7F022100F7CEEB /* MockNetworkManager.swift */; };
		4E98A4EA1D7F023800F7CEEB /* MockBluetoothManager.swift in Sources */ = {isa = PBXBuildFile; fileRef = 4E98A4E91D7F023800F7CEEB /* MockBluetoothManager.swift */; };
		4E98A4EC1D7F05DF00F7CEEB /* SwinjectViewModelAssembly.swift in Sources */ = {isa = PBXBuildFile; fileRef = 4E98A4EB1D7F05DF00F7CEEB /* SwinjectViewModelAssembly.swift */; };
		4E98A4EE1D7F5BA300F7CEEB /* SwinjectServiceAssembly.swift in Sources */ = {isa = PBXBuildFile; fileRef = 4E98A4ED1D7F5BA300F7CEEB /* SwinjectServiceAssembly.swift */; };
		4E98A4F11D7F5C8E00F7CEEB /* APIFetcherServiceType.swift in Sources */ = {isa = PBXBuildFile; fileRef = 4E98A4F01D7F5C8E00F7CEEB /* APIFetcherServiceType.swift */; };
		4E98A4F31D7F5CA200F7CEEB /* APIFetcher.swift in Sources */ = {isa = PBXBuildFile; fileRef = 4E98A4F21D7F5CA200F7CEEB /* APIFetcher.swift */; };
		4E98A4F51D7F5D2400F7CEEB /* Databaseable.swift in Sources */ = {isa = PBXBuildFile; fileRef = 4E98A4F41D7F5D2400F7CEEB /* Databaseable.swift */; };
		4E98A4F71D7F5D5600F7CEEB /* DatabaseManager.swift in Sources */ = {isa = PBXBuildFile; fileRef = 4E98A4F61D7F5D5600F7CEEB /* DatabaseManager.swift */; };
		4E98A4F91D7F5EBD00F7CEEB /* BaseObject.swift in Sources */ = {isa = PBXBuildFile; fileRef = 4E98A4F81D7F5EBD00F7CEEB /* BaseObject.swift */; };
		4E98A4FE1D7F60CF00F7CEEB /* MockDatabaseManager.swift in Sources */ = {isa = PBXBuildFile; fileRef = 4E98A4FD1D7F60CF00F7CEEB /* MockDatabaseManager.swift */; };
		4E98A5031D7F668D00F7CEEB /* SwinjectAssembler.swift in Sources */ = {isa = PBXBuildFile; fileRef = 4E98A5021D7F668D00F7CEEB /* SwinjectAssembler.swift */; };
		B76FF435E929BAAE9A511DF4 /* Pods_DependencyInjectionSwiftExample.framework in Frameworks */ = {isa = PBXBuildFile; fileRef = 2D58934968E2D0BF36BEED81 /* Pods_DependencyInjectionSwiftExample.framework */; };
/* End PBXBuildFile section */

/* Begin PBXFileReference section */
		2D58934968E2D0BF36BEED81 /* Pods_DependencyInjectionSwiftExample.framework */ = {isa = PBXFileReference; explicitFileType = wrapper.framework; includeInIndex = 0; path = Pods_DependencyInjectionSwiftExample.framework; sourceTree = BUILT_PRODUCTS_DIR; };
		4E98A4AE1D7EC4B900F7CEEB /* DependencyInjectionSwiftExample.app */ = {isa = PBXFileReference; explicitFileType = wrapper.application; includeInIndex = 0; path = DependencyInjectionSwiftExample.app; sourceTree = BUILT_PRODUCTS_DIR; };
		4E98A4B11D7EC4B900F7CEEB /* AppDelegate.swift */ = {isa = PBXFileReference; lastKnownFileType = sourcecode.swift; path = AppDelegate.swift; sourceTree = "<group>"; };
		4E98A4B61D7EC4B900F7CEEB /* Base */ = {isa = PBXFileReference; lastKnownFileType = file.storyboard; name = Base; path = Base.lproj/Main.storyboard; sourceTree = "<group>"; };
		4E98A4B81D7EC4B900F7CEEB /* Assets.xcassets */ = {isa = PBXFileReference; lastKnownFileType = folder.assetcatalog; path = Assets.xcassets; sourceTree = "<group>"; };
		4E98A4BB1D7EC4B900F7CEEB /* Base */ = {isa = PBXFileReference; lastKnownFileType = file.storyboard; name = Base; path = Base.lproj/LaunchScreen.storyboard; sourceTree = "<group>"; };
		4E98A4BD1D7EC4B900F7CEEB /* Info.plist */ = {isa = PBXFileReference; lastKnownFileType = text.plist.xml; path = Info.plist; sourceTree = "<group>"; };
		4E98A4C31D7ECD3000F7CEEB /* SwinjectManagerAssembly.swift */ = {isa = PBXFileReference; fileEncoding = 4; lastKnownFileType = sourcecode.swift; name = SwinjectManagerAssembly.swift; path = Assembly/SwinjectManagerAssembly.swift; sourceTree = "<group>"; };
		4E98A4C91D7ED23000F7CEEB /* Networkable.swift */ = {isa = PBXFileReference; fileEncoding = 4; lastKnownFileType = sourcecode.swift; name = Networkable.swift; path = Managers/Networkable.swift; sourceTree = "<group>"; };
		4E98A4CB1D7ED24500F7CEEB /* NetworkManager.swift */ = {isa = PBXFileReference; fileEncoding = 4; lastKnownFileType = sourcecode.swift; name = NetworkManager.swift; path = Managers/NetworkManager.swift; sourceTree = "<group>"; };
		4E98A4CD1D7ED25900F7CEEB /* Bluetoothable.swift */ = {isa = PBXFileReference; fileEncoding = 4; lastKnownFileType = sourcecode.swift; name = Bluetoothable.swift; path = Managers/Bluetoothable.swift; sourceTree = "<group>"; };
		4E98A4CF1D7ED26D00F7CEEB /* BluetoothManager.swift */ = {isa = PBXFileReference; fileEncoding = 4; lastKnownFileType = sourcecode.swift; name = BluetoothManager.swift; path = Managers/BluetoothManager.swift; sourceTree = "<group>"; };
		4E98A4D21D7EDB2600F7CEEB /* AppearanceConfigurable.swift */ = {isa = PBXFileReference; fileEncoding = 4; lastKnownFileType = sourcecode.swift; name = AppearanceConfigurable.swift; path = Appearance/AppearanceConfigurable.swift; sourceTree = "<group>"; };
		4E98A4D41D7EDB6000F7CEEB /* AppearanceConfigurator.swift */ = {isa = PBXFileReference; fileEncoding = 4; lastKnownFileType = sourcecode.swift; name = AppearanceConfigurator.swift; path = Appearance/AppearanceConfigurator.swift; sourceTree = "<group>"; };
		4E98A4DD1D7EE50E00F7CEEB /* MainViewController.swift */ = {isa = PBXFileReference; fileEncoding = 4; lastKnownFileType = sourcecode.swift; name = MainViewController.swift; path = "View Controllers/MainViewController.swift"; sourceTree = "<group>"; };
		4E98A4E01D7EF9A900F7CEEB /* MainViewModel.swift */ = {isa = PBXFileReference; fileEncoding = 4; lastKnownFileType = sourcecode.swift; name = MainViewModel.swift; path = "View Models/MainViewModel.swift"; sourceTree = "<group>"; };
		4E98A4E21D7EFD8100F7CEEB /* SwinjectViewControllerAssembly.swift */ = {isa = PBXFileReference; fileEncoding = 4; lastKnownFileType = sourcecode.swift; name = SwinjectViewControllerAssembly.swift; path = Assembly/SwinjectViewControllerAssembly.swift; sourceTree = "<group>"; };
		4E98A4E51D7F01C700F7CEEB /* SwinjectMockDependencyManager.swift */ = {isa = PBXFileReference; fileEncoding = 4; lastKnownFileType = sourcecode.swift; name = SwinjectMockDependencyManager.swift; path = Assembly/Mock/SwinjectMockDependencyManager.swift; sourceTree = "<group>"; };
		4E98A4E71D7F022100F7CEEB /* MockNetworkManager.swift */ = {isa = PBXFileReference; fileEncoding = 4; lastKnownFileType = sourcecode.swift; name = MockNetworkManager.swift; path = Managers/MockNetworkManager.swift; sourceTree = "<group>"; };
		4E98A4E91D7F023800F7CEEB /* MockBluetoothManager.swift */ = {isa = PBXFileReference; fileEncoding = 4; lastKnownFileType = sourcecode.swift; name = MockBluetoothManager.swift; path = Managers/MockBluetoothManager.swift; sourceTree = "<group>"; };
		4E98A4EB1D7F05DF00F7CEEB /* SwinjectViewModelAssembly.swift */ = {isa = PBXFileReference; fileEncoding = 4; lastKnownFileType = sourcecode.swift; name = SwinjectViewModelAssembly.swift; path = Assembly/SwinjectViewModelAssembly.swift; sourceTree = "<group>"; };
		4E98A4ED1D7F5BA300F7CEEB /* SwinjectServiceAssembly.swift */ = {isa = PBXFileReference; fileEncoding = 4; lastKnownFileType = sourcecode.swift; name = SwinjectServiceAssembly.swift; path = Assembly/SwinjectServiceAssembly.swift; sourceTree = "<group>"; };
		4E98A4F01D7F5C8E00F7CEEB /* APIFetcherServiceType.swift */ = {isa = PBXFileReference; fileEncoding = 4; lastKnownFileType = sourcecode.swift; name = APIFetcherServiceType.swift; path = Services/APIFetcherServiceType.swift; sourceTree = "<group>"; };
		4E98A4F21D7F5CA200F7CEEB /* APIFetcher.swift */ = {isa = PBXFileReference; fileEncoding = 4; lastKnownFileType = sourcecode.swift; name = APIFetcher.swift; path = Services/APIFetcher.swift; sourceTree = "<group>"; };
		4E98A4F41D7F5D2400F7CEEB /* Databaseable.swift */ = {isa = PBXFileReference; fileEncoding = 4; lastKnownFileType = sourcecode.swift; name = Databaseable.swift; path = Managers/Databaseable.swift; sourceTree = "<group>"; };
		4E98A4F61D7F5D5600F7CEEB /* DatabaseManager.swift */ = {isa = PBXFileReference; fileEncoding = 4; lastKnownFileType = sourcecode.swift; name = DatabaseManager.swift; path = Managers/DatabaseManager.swift; sourceTree = "<group>"; };
		4E98A4F81D7F5EBD00F7CEEB /* BaseObject.swift */ = {isa = PBXFileReference; fileEncoding = 4; lastKnownFileType = sourcecode.swift; path = BaseObject.swift; sourceTree = "<group>"; };
		4E98A4FD1D7F60CF00F7CEEB /* MockDatabaseManager.swift */ = {isa = PBXFileReference; fileEncoding = 4; lastKnownFileType = sourcecode.swift; name = MockDatabaseManager.swift; path = Managers/MockDatabaseManager.swift; sourceTree = "<group>"; };
		4E98A5021D7F668D00F7CEEB /* SwinjectAssembler.swift */ = {isa = PBXFileReference; fileEncoding = 4; lastKnownFileType = sourcecode.swift; name = SwinjectAssembler.swift; path = Assembly/SwinjectAssembler.swift; sourceTree = "<group>"; };
		4EF5DDFB1DDB237400513049 /* Swinject.framework */ = {isa = PBXFileReference; lastKnownFileType = wrapper.framework; name = Swinject.framework; path = "../../../../Xcode/DerivedData/DependencyInjectionSwiftExample-aaunyuylyttfxoeoiiuklvvkyjed/Build/Products/Debug-iphonesimulator/Swinject/Swinject.framework"; sourceTree = "<group>"; };
		4EF5DDFD1DDB237800513049 /* SwinjectStoryboard.framework */ = {isa = PBXFileReference; lastKnownFileType = wrapper.framework; name = SwinjectStoryboard.framework; path = "../../../../Xcode/DerivedData/DependencyInjectionSwiftExample-aaunyuylyttfxoeoiiuklvvkyjed/Build/Products/Debug-iphonesimulator/SwinjectStoryboard/SwinjectStoryboard.framework"; sourceTree = "<group>"; };
		55209207ED9B1F69F57B7A59 /* Pods-DependencyInjectionSwiftExample.release.xcconfig */ = {isa = PBXFileReference; includeInIndex = 1; lastKnownFileType = text.xcconfig; name = "Pods-DependencyInjectionSwiftExample.release.xcconfig"; path = "Pods/Target Support Files/Pods-DependencyInjectionSwiftExample/Pods-DependencyInjectionSwiftExample.release.xcconfig"; sourceTree = "<group>"; };
		D7738372E1F91E9EFDA4EEB1 /* Pods-DependencyInjectionSwiftExample.debug.xcconfig */ = {isa = PBXFileReference; includeInIndex = 1; lastKnownFileType = text.xcconfig; name = "Pods-DependencyInjectionSwiftExample.debug.xcconfig"; path = "Pods/Target Support Files/Pods-DependencyInjectionSwiftExample/Pods-DependencyInjectionSwiftExample.debug.xcconfig"; sourceTree = "<group>"; };
/* End PBXFileReference section */

/* Begin PBXFrameworksBuildPhase section */
		4E98A4AB1D7EC4B900F7CEEB /* Frameworks */ = {
			isa = PBXFrameworksBuildPhase;
			buildActionMask = 2147483647;
			files = (
				B76FF435E929BAAE9A511DF4 /* Pods_DependencyInjectionSwiftExample.framework in Frameworks */,
			);
			runOnlyForDeploymentPostprocessing = 0;
		};
/* End PBXFrameworksBuildPhase section */

/* Begin PBXGroup section */
		44BDF6ADA0D1E6FCE3551D4D /* Frameworks */ = {
			isa = PBXGroup;
			children = (
				4EF5DDFD1DDB237800513049 /* SwinjectStoryboard.framework */,
				4EF5DDFB1DDB237400513049 /* Swinject.framework */,
				2D58934968E2D0BF36BEED81 /* Pods_DependencyInjectionSwiftExample.framework */,
			);
			name = Frameworks;
			sourceTree = "<group>";
		};
		4E98A4A51D7EC4B900F7CEEB = {
			isa = PBXGroup;
			children = (
				4E98A4B01D7EC4B900F7CEEB /* DependencyInjectionSwiftExample */,
				4E98A4AF1D7EC4B900F7CEEB /* Products */,
				B94AF916712DA3F7B82DC190 /* Pods */,
				44BDF6ADA0D1E6FCE3551D4D /* Frameworks */,
			);
			sourceTree = "<group>";
		};
		4E98A4AF1D7EC4B900F7CEEB /* Products */ = {
			isa = PBXGroup;
			children = (
				4E98A4AE1D7EC4B900F7CEEB /* DependencyInjectionSwiftExample.app */,
			);
			name = Products;
			sourceTree = "<group>";
		};
		4E98A4B01D7EC4B900F7CEEB /* DependencyInjectionSwiftExample */ = {
			isa = PBXGroup;
			children = (
				4E98A4DF1D7EF97600F7CEEB /* View Models */,
				4E98A4DC1D7EE4F000F7CEEB /* View Controllers */,
				4E98A4D11D7EDAF500F7CEEB /* Appearance */,
				4E98A4C61D7ED1F100F7CEEB /* Managers */,
				4E98A4EF1D7F5C2600F7CEEB /* Services */,
				4E98A4C51D7ECD5200F7CEEB /* Assemblies */,
				4E98A4B11D7EC4B900F7CEEB /* AppDelegate.swift */,
				4E98A4B51D7EC4B900F7CEEB /* Main.storyboard */,
				4E98A4B81D7EC4B900F7CEEB /* Assets.xcassets */,
				4E98A4BA1D7EC4B900F7CEEB /* LaunchScreen.storyboard */,
				4E98A4BD1D7EC4B900F7CEEB /* Info.plist */,
				4E98A4F81D7F5EBD00F7CEEB /* BaseObject.swift */,
			);
			path = DependencyInjectionSwiftExample;
			sourceTree = "<group>";
		};
		4E98A4C51D7ECD5200F7CEEB /* Assemblies */ = {
			isa = PBXGroup;
			children = (
				4E98A4E41D7F018600F7CEEB /* Mocks */,
				4E98A4C31D7ECD3000F7CEEB /* SwinjectManagerAssembly.swift */,
				4E98A4E21D7EFD8100F7CEEB /* SwinjectViewControllerAssembly.swift */,
				4E98A4EB1D7F05DF00F7CEEB /* SwinjectViewModelAssembly.swift */,
				4E98A4ED1D7F5BA300F7CEEB /* SwinjectServiceAssembly.swift */,
				4E98A5021D7F668D00F7CEEB /* SwinjectAssembler.swift */,
			);
			name = Assemblies;
			sourceTree = "<group>";
		};
		4E98A4C61D7ED1F100F7CEEB /* Managers */ = {
			isa = PBXGroup;
			children = (
				4E98A4FA1D7F608E00F7CEEB /* Protocols */,
				4E98A4FB1D7F609400F7CEEB /* Implementations */,
				4E98A4FC1D7F609C00F7CEEB /* Mocks */,
			);
			name = Managers;
			sourceTree = "<group>";
		};
		4E98A4D11D7EDAF500F7CEEB /* Appearance */ = {
			isa = PBXGroup;
			children = (
				4E98A4D21D7EDB2600F7CEEB /* AppearanceConfigurable.swift */,
				4E98A4D41D7EDB6000F7CEEB /* AppearanceConfigurator.swift */,
			);
			name = Appearance;
			sourceTree = "<group>";
		};
		4E98A4DC1D7EE4F000F7CEEB /* View Controllers */ = {
			isa = PBXGroup;
			children = (
				4E98A4DD1D7EE50E00F7CEEB /* MainViewController.swift */,
			);
			name = "View Controllers";
			sourceTree = "<group>";
		};
		4E98A4DF1D7EF97600F7CEEB /* View Models */ = {
			isa = PBXGroup;
			children = (
				4E98A4E01D7EF9A900F7CEEB /* MainViewModel.swift */,
			);
			name = "View Models";
			sourceTree = "<group>";
		};
		4E98A4E41D7F018600F7CEEB /* Mocks */ = {
			isa = PBXGroup;
			children = (
				4E98A4E51D7F01C700F7CEEB /* SwinjectMockDependencyManager.swift */,
			);
			name = Mocks;
			sourceTree = "<group>";
		};
		4E98A4EF1D7F5C2600F7CEEB /* Services */ = {
			isa = PBXGroup;
			children = (
				4E98A4FF1D7F620600F7CEEB /* Protocols */,
				4E98A5011D7F621300F7CEEB /* Implementations */,
				4E98A5001D7F620C00F7CEEB /* Mocks */,
			);
			name = Services;
			sourceTree = "<group>";
		};
		4E98A4FA1D7F608E00F7CEEB /* Protocols */ = {
			isa = PBXGroup;
			children = (
				4E98A4C91D7ED23000F7CEEB /* Networkable.swift */,
				4E98A4F41D7F5D2400F7CEEB /* Databaseable.swift */,
				4E98A4CD1D7ED25900F7CEEB /* Bluetoothable.swift */,
			);
			name = Protocols;
			sourceTree = "<group>";
		};
		4E98A4FB1D7F609400F7CEEB /* Implementations */ = {
			isa = PBXGroup;
			children = (
				4E98A4CB1D7ED24500F7CEEB /* NetworkManager.swift */,
				4E98A4CF1D7ED26D00F7CEEB /* BluetoothManager.swift */,
				4E98A4F61D7F5D5600F7CEEB /* DatabaseManager.swift */,
			);
			name = Implementations;
			sourceTree = "<group>";
		};
		4E98A4FC1D7F609C00F7CEEB /* Mocks */ = {
			isa = PBXGroup;
			children = (
				4E98A4E71D7F022100F7CEEB /* MockNetworkManager.swift */,
				4E98A4E91D7F023800F7CEEB /* MockBluetoothManager.swift */,
				4E98A4FD1D7F60CF00F7CEEB /* MockDatabaseManager.swift */,
			);
			name = Mocks;
			sourceTree = "<group>";
		};
		4E98A4FF1D7F620600F7CEEB /* Protocols */ = {
			isa = PBXGroup;
			children = (
				4E98A4F01D7F5C8E00F7CEEB /* APIFetcherServiceType.swift */,
			);
			name = Protocols;
			sourceTree = "<group>";
		};
		4E98A5001D7F620C00F7CEEB /* Mocks */ = {
			isa = PBXGroup;
			children = (
			);
			name = Mocks;
			sourceTree = "<group>";
		};
		4E98A5011D7F621300F7CEEB /* Implementations */ = {
			isa = PBXGroup;
			children = (
				4E98A4F21D7F5CA200F7CEEB /* APIFetcher.swift */,
			);
			name = Implementations;
			sourceTree = "<group>";
		};
		B94AF916712DA3F7B82DC190 /* Pods */ = {
			isa = PBXGroup;
			children = (
				D7738372E1F91E9EFDA4EEB1 /* Pods-DependencyInjectionSwiftExample.debug.xcconfig */,
				55209207ED9B1F69F57B7A59 /* Pods-DependencyInjectionSwiftExample.release.xcconfig */,
			);
			name = Pods;
			sourceTree = "<group>";
		};
/* End PBXGroup section */

/* Begin PBXNativeTarget section */
		4E98A4AD1D7EC4B900F7CEEB /* DependencyInjectionSwiftExample */ = {
			isa = PBXNativeTarget;
			buildConfigurationList = 4E98A4C01D7EC4B900F7CEEB /* Build configuration list for PBXNativeTarget "DependencyInjectionSwiftExample" */;
			buildPhases = (
				1EC7FEA5CE1F44184ECB904E /* [CP] Check Pods Manifest.lock */,
				4E98A4AA1D7EC4B900F7CEEB /* Sources */,
				4E98A4AB1D7EC4B900F7CEEB /* Frameworks */,
				4E98A4AC1D7EC4B900F7CEEB /* Resources */,
				A030D0AF93393A7AE5D5C6B7 /* [CP] Embed Pods Frameworks */,
				F8E9AC6859C3CF97078F0E49 /* [CP] Copy Pods Resources */,
			);
			buildRules = (
			);
			dependencies = (
			);
			name = DependencyInjectionSwiftExample;
			productName = DependencyInjectionSwiftExample;
			productReference = 4E98A4AE1D7EC4B900F7CEEB /* DependencyInjectionSwiftExample.app */;
			productType = "com.apple.product-type.application";
		};
/* End PBXNativeTarget section */

/* Begin PBXProject section */
		4E98A4A61D7EC4B900F7CEEB /* Project object */ = {
			isa = PBXProject;
			attributes = {
				LastSwiftUpdateCheck = 0730;
				LastUpgradeCheck = 0800;
				ORGANIZATIONNAME = "Bartosz Olszanowski";
				TargetAttributes = {
					4E98A4AD1D7EC4B900F7CEEB = {
						CreatedOnToolsVersion = 7.3.1;
						LastSwiftMigration = 0810;
					};
				};
			};
			buildConfigurationList = 4E98A4A91D7EC4B900F7CEEB /* Build configuration list for PBXProject "DependencyInjectionSwiftExample" */;
			compatibilityVersion = "Xcode 3.2";
			developmentRegion = English;
			hasScannedForEncodings = 0;
			knownRegions = (
				en,
				Base,
			);
			mainGroup = 4E98A4A51D7EC4B900F7CEEB;
			productRefGroup = 4E98A4AF1D7EC4B900F7CEEB /* Products */;
			projectDirPath = "";
			projectRoot = "";
			targets = (
				4E98A4AD1D7EC4B900F7CEEB /* DependencyInjectionSwiftExample */,
			);
		};
/* End PBXProject section */

/* Begin PBXResourcesBuildPhase section */
		4E98A4AC1D7EC4B900F7CEEB /* Resources */ = {
			isa = PBXResourcesBuildPhase;
			buildActionMask = 2147483647;
			files = (
				4E98A4BC1D7EC4B900F7CEEB /* LaunchScreen.storyboard in Resources */,
				4E98A4B91D7EC4B900F7CEEB /* Assets.xcassets in Resources */,
				4E98A4B71D7EC4B900F7CEEB /* Main.storyboard in Resources */,
			);
			runOnlyForDeploymentPostprocessing = 0;
		};
/* End PBXResourcesBuildPhase section */

/* Begin PBXShellScriptBuildPhase section */
		1EC7FEA5CE1F44184ECB904E /* [CP] Check Pods Manifest.lock */ = {
			isa = PBXShellScriptBuildPhase;
			buildActionMask = 2147483647;
			files = (
			);
			inputPaths = (
			);
			name = "[CP] Check Pods Manifest.lock";
			outputPaths = (
			);
			runOnlyForDeploymentPostprocessing = 0;
			shellPath = /bin/sh;
			shellScript = "diff \"${PODS_ROOT}/../Podfile.lock\" \"${PODS_ROOT}/Manifest.lock\" > /dev/null\nif [[ $? != 0 ]] ; then\n    cat << EOM\nerror: The sandbox is not in sync with the Podfile.lock. Run 'pod install' or update your CocoaPods installation.\nEOM\n    exit 1\nfi\n";
			showEnvVarsInLog = 0;
		};
		A030D0AF93393A7AE5D5C6B7 /* [CP] Embed Pods Frameworks */ = {
			isa = PBXShellScriptBuildPhase;
			buildActionMask = 2147483647;
			files = (
			);
			inputPaths = (
			);
			name = "[CP] Embed Pods Frameworks";
			outputPaths = (
			);
			runOnlyForDeploymentPostprocessing = 0;
			shellPath = /bin/sh;
			shellScript = "\"${SRCROOT}/Pods/Target Support Files/Pods-DependencyInjectionSwiftExample/Pods-DependencyInjectionSwiftExample-frameworks.sh\"\n";
			showEnvVarsInLog = 0;
		};
		F8E9AC6859C3CF97078F0E49 /* [CP] Copy Pods Resources */ = {
			isa = PBXShellScriptBuildPhase;
			buildActionMask = 2147483647;
			files = (
			);
			inputPaths = (
			);
			name = "[CP] Copy Pods Resources";
			outputPaths = (
			);
			runOnlyForDeploymentPostprocessing = 0;
			shellPath = /bin/sh;
			shellScript = "\"${SRCROOT}/Pods/Target Support Files/Pods-DependencyInjectionSwiftExample/Pods-DependencyInjectionSwiftExample-resources.sh\"\n";
			showEnvVarsInLog = 0;
		};
/* End PBXShellScriptBuildPhase section */

/* Begin PBXSourcesBuildPhase section */
		4E98A4AA1D7EC4B900F7CEEB /* Sources */ = {
			isa = PBXSourcesBuildPhase;
			buildActionMask = 2147483647;
			files = (
				4E98A4EA1D7F023800F7CEEB /* MockBluetoothManager.swift in Sources */,
				4E98A4D31D7EDB2600F7CEEB /* AppearanceConfigurable.swift in Sources */,
				4E98A4F51D7F5D2400F7CEEB /* Databaseable.swift in Sources */,
				4E98A4DE1D7EE50E00F7CEEB /* MainViewController.swift in Sources */,
				4E98A4EE1D7F5BA300F7CEEB /* SwinjectServiceAssembly.swift in Sources */,
				4E98A5031D7F668D00F7CEEB /* SwinjectAssembler.swift in Sources */,
				4E98A4F11D7F5C8E00F7CEEB /* APIFetcherServiceType.swift in Sources */,
				4E98A4F31D7F5CA200F7CEEB /* APIFetcher.swift in Sources */,
				4E98A4F91D7F5EBD00F7CEEB /* BaseObject.swift in Sources */,
				4E98A4CE1D7ED25900F7CEEB /* Bluetoothable.swift in Sources */,
				4E98A4D51D7EDB6000F7CEEB /* AppearanceConfigurator.swift in Sources */,
				4E98A4C41D7ECD3000F7CEEB /* SwinjectManagerAssembly.swift in Sources */,
				4E98A4E31D7EFD8100F7CEEB /* SwinjectViewControllerAssembly.swift in Sources */,
				4E98A4D01D7ED26D00F7CEEB /* BluetoothManager.swift in Sources */,
				4E98A4E81D7F022100F7CEEB /* MockNetworkManager.swift in Sources */,
				4E98A4FE1D7F60CF00F7CEEB /* MockDatabaseManager.swift in Sources */,
				4E98A4CC1D7ED24500F7CEEB /* NetworkManager.swift in Sources */,
				4E98A4CA1D7ED23000F7CEEB /* Networkable.swift in Sources */,
				4E98A4B21D7EC4B900F7CEEB /* AppDelegate.swift in Sources */,
				4E98A4E11D7EF9A900F7CEEB /* MainViewModel.swift in Sources */,
				4E98A4E61D7F01C700F7CEEB /* SwinjectMockDependencyManager.swift in Sources */,
				4E98A4EC1D7F05DF00F7CEEB /* SwinjectViewModelAssembly.swift in Sources */,
				4E98A4F71D7F5D5600F7CEEB /* DatabaseManager.swift in Sources */,
			);
			runOnlyForDeploymentPostprocessing = 0;
		};
/* End PBXSourcesBuildPhase section */

/* Begin PBXVariantGroup section */
		4E98A4B51D7EC4B900F7CEEB /* Main.storyboard */ = {
			isa = PBXVariantGroup;
			children = (
				4E98A4B61D7EC4B900F7CEEB /* Base */,
			);
			name = Main.storyboard;
			sourceTree = "<group>";
		};
		4E98A4BA1D7EC4B900F7CEEB /* LaunchScreen.storyboard */ = {
			isa = PBXVariantGroup;
			children = (
				4E98A4BB1D7EC4B900F7CEEB /* Base */,
			);
			name = LaunchScreen.storyboard;
			sourceTree = "<group>";
		};
/* End PBXVariantGroup section */

/* Begin XCBuildConfiguration section */
		4E98A4BE1D7EC4B900F7CEEB /* Debug */ = {
			isa = XCBuildConfiguration;
			buildSettings = {
				ALWAYS_SEARCH_USER_PATHS = NO;
				CLANG_ANALYZER_NONNULL = YES;
				CLANG_CXX_LANGUAGE_STANDARD = "gnu++0x";
				CLANG_CXX_LIBRARY = "libc++";
				CLANG_ENABLE_MODULES = YES;
				CLANG_ENABLE_OBJC_ARC = YES;
				CLANG_WARN_BOOL_CONVERSION = YES;
				CLANG_WARN_CONSTANT_CONVERSION = YES;
				CLANG_WARN_DIRECT_OBJC_ISA_USAGE = YES_ERROR;
				CLANG_WARN_EMPTY_BODY = YES;
				CLANG_WARN_ENUM_CONVERSION = YES;
				CLANG_WARN_INFINITE_RECURSION = YES;
				CLANG_WARN_INT_CONVERSION = YES;
				CLANG_WARN_OBJC_ROOT_CLASS = YES_ERROR;
				CLANG_WARN_SUSPICIOUS_MOVE = YES;
				CLANG_WARN_UNREACHABLE_CODE = YES;
				CLANG_WARN__DUPLICATE_METHOD_MATCH = YES;
				"CODE_SIGN_IDENTITY[sdk=iphoneos*]" = "iPhone Developer";
				COPY_PHASE_STRIP = NO;
				DEBUG_INFORMATION_FORMAT = dwarf;
				ENABLE_STRICT_OBJC_MSGSEND = YES;
				ENABLE_TESTABILITY = YES;
				GCC_C_LANGUAGE_STANDARD = gnu99;
				GCC_DYNAMIC_NO_PIC = NO;
				GCC_NO_COMMON_BLOCKS = YES;
				GCC_OPTIMIZATION_LEVEL = 0;
				GCC_PREPROCESSOR_DEFINITIONS = (
					"DEBUG=1",
					"$(inherited)",
				);
				GCC_WARN_64_TO_32_BIT_CONVERSION = YES;
				GCC_WARN_ABOUT_RETURN_TYPE = YES_ERROR;
				GCC_WARN_UNDECLARED_SELECTOR = YES;
				GCC_WARN_UNINITIALIZED_AUTOS = YES_AGGRESSIVE;
				GCC_WARN_UNUSED_FUNCTION = YES;
				GCC_WARN_UNUSED_VARIABLE = YES;
				IPHONEOS_DEPLOYMENT_TARGET = 9.3;
				MTL_ENABLE_DEBUG_INFO = YES;
				ONLY_ACTIVE_ARCH = YES;
				SDKROOT = iphoneos;
				SWIFT_OPTIMIZATION_LEVEL = "-Onone";
			};
			name = Debug;
		};
		4E98A4BF1D7EC4B900F7CEEB /* Release */ = {
			isa = XCBuildConfiguration;
			buildSettings = {
				ALWAYS_SEARCH_USER_PATHS = NO;
				CLANG_ANALYZER_NONNULL = YES;
				CLANG_CXX_LANGUAGE_STANDARD = "gnu++0x";
				CLANG_CXX_LIBRARY = "libc++";
				CLANG_ENABLE_MODULES = YES;
				CLANG_ENABLE_OBJC_ARC = YES;
				CLANG_WARN_BOOL_CONVERSION = YES;
				CLANG_WARN_CONSTANT_CONVERSION = YES;
				CLANG_WARN_DIRECT_OBJC_ISA_USAGE = YES_ERROR;
				CLANG_WARN_EMPTY_BODY = YES;
				CLANG_WARN_ENUM_CONVERSION = YES;
				CLANG_WARN_INFINITE_RECURSION = YES;
				CLANG_WARN_INT_CONVERSION = YES;
				CLANG_WARN_OBJC_ROOT_CLASS = YES_ERROR;
				CLANG_WARN_SUSPICIOUS_MOVE = YES;
				CLANG_WARN_UNREACHABLE_CODE = YES;
				CLANG_WARN__DUPLICATE_METHOD_MATCH = YES;
				"CODE_SIGN_IDENTITY[sdk=iphoneos*]" = "iPhone Developer";
				COPY_PHASE_STRIP = NO;
				DEBUG_INFORMATION_FORMAT = "dwarf-with-dsym";
				ENABLE_NS_ASSERTIONS = NO;
				ENABLE_STRICT_OBJC_MSGSEND = YES;
				GCC_C_LANGUAGE_STANDARD = gnu99;
				GCC_NO_COMMON_BLOCKS = YES;
				GCC_WARN_64_TO_32_BIT_CONVERSION = YES;
				GCC_WARN_ABOUT_RETURN_TYPE = YES_ERROR;
				GCC_WARN_UNDECLARED_SELECTOR = YES;
				GCC_WARN_UNINITIALIZED_AUTOS = YES_AGGRESSIVE;
				GCC_WARN_UNUSED_FUNCTION = YES;
				GCC_WARN_UNUSED_VARIABLE = YES;
				IPHONEOS_DEPLOYMENT_TARGET = 9.3;
				MTL_ENABLE_DEBUG_INFO = NO;
				SDKROOT = iphoneos;
				SWIFT_OPTIMIZATION_LEVEL = "-Owholemodule";
				VALIDATE_PRODUCT = YES;
			};
			name = Release;
		};
		4E98A4C11D7EC4B900F7CEEB /* Debug */ = {
			isa = XCBuildConfiguration;
			baseConfigurationReference = D7738372E1F91E9EFDA4EEB1 /* Pods-DependencyInjectionSwiftExample.debug.xcconfig */;
			buildSettings = {
				ALWAYS_EMBED_SWIFT_STANDARD_LIBRARIES = YES;
				ASSETCATALOG_COMPILER_APPICON_NAME = AppIcon;
				INFOPLIST_FILE = DependencyInjectionSwiftExample/Info.plist;
				LD_RUNPATH_SEARCH_PATHS = "$(inherited) @executable_path/Frameworks";
				PRODUCT_BUNDLE_IDENTIFIER = com.olbart.DependencyInjectionSwiftExample;
				PRODUCT_NAME = "$(TARGET_NAME)";
				SWIFT_VERSION = 3.0;
			};
			name = Debug;
		};
		4E98A4C21D7EC4B900F7CEEB /* Release */ = {
			isa = XCBuildConfiguration;
			baseConfigurationReference = 55209207ED9B1F69F57B7A59 /* Pods-DependencyInjectionSwiftExample.release.xcconfig */;
			buildSettings = {
				ALWAYS_EMBED_SWIFT_STANDARD_LIBRARIES = YES;
				ASSETCATALOG_COMPILER_APPICON_NAME = AppIcon;
				INFOPLIST_FILE = DependencyInjectionSwiftExample/Info.plist;
				LD_RUNPATH_SEARCH_PATHS = "$(inherited) @executable_path/Frameworks";
				PRODUCT_BUNDLE_IDENTIFIER = com.olbart.DependencyInjectionSwiftExample;
				PRODUCT_NAME = "$(TARGET_NAME)";
				SWIFT_VERSION = 3.0;
			};
			name = Release;
		};
/* End XCBuildConfiguration section */

/* Begin XCConfigurationList section */
		4E98A4A91D7EC4B900F7CEEB /* Build configuration list for PBXProject "DependencyInjectionSwiftExample" */ = {
			isa = XCConfigurationList;
			buildConfigurations = (
				4E98A4BE1D7EC4B900F7CEEB /* Debug */,
				4E98A4BF1D7EC4B900F7CEEB /* Release */,
			);
			defaultConfigurationIsVisible = 0;
			defaultConfigurationName = Release;
		};
		4E98A4C01D7EC4B900F7CEEB /* Build configuration list for PBXNativeTarget "DependencyInjectionSwiftExample" */ = {
			isa = XCConfigurationList;
			buildConfigurations = (
				4E98A4C11D7EC4B900F7CEEB /* Debug */,
				4E98A4C21D7EC4B900F7CEEB /* Release */,
			);
			defaultConfigurationIsVisible = 0;
			defaultConfigurationName = Release;
		};
/* End XCConfigurationList section */
	};
	rootObject = 4E98A4A61D7EC4B900F7CEEB /* Project object */;
}
